
Microsoft Visual Studio Solution File, Format Version 12.00
# Visual Studio Version 17
VisualStudioVersion = 17.7.34031.279
MinimumVisualStudioVersion = 10.0.40219.1
Project("{FAE04EC0-301F-11D3-BF4B-00C04F79EFBC}") = "EasyDados", "EasyDados\EasyDados.csproj", "{B8C35AE8-3AB5-426F-BB0A-9010C1C55A49}"
EndProject
Global
	GlobalSection(SolutionConfigurationPlatforms) = preSolution
		Debug|Any CPU = Debug|Any CPU
		Release|Any CPU = Release|Any CPU
	EndGlobalSection
	GlobalSection(ProjectConfigurationPlatforms) = postSolution
		{B8C35AE8-3AB5-426F-BB0A-9010C1C55A49}.Debug|Any CPU.ActiveCfg = Debug|Any CPU
		{B8C35AE8-3AB5-426F-BB0A-9010C1C55A49}.Debug|Any CPU.Build.0 = Debug|Any CPU
		{B8C35AE8-3AB5-426F-BB0A-9010C1C55A49}.Release|Any CPU.ActiveCfg = Release|Any CPU
		{B8C35AE8-3AB5-426F-BB0A-9010C1C55A49}.Release|Any CPU.Build.0 = Release|Any CPU
	EndGlobalSection
	GlobalSection(SolutionProperties) = preSolution
		HideSolutionNode = FALSE
	EndGlobalSection
	GlobalSection(ExtensibilityGlobals) = postSolution
		SolutionGuid = {5AEEAADE-4BE8-49DD-8AE7-4A8583FDEE23}
	EndGlobalSection
EndGlobal
